{
  "name": "@nuvei-commercetools/processor",
  "version": "1.0.0",
  "lockfileVersion": 3,
  "requires": true,
  "packages": {
    "": {
      "name": "@nuvei-commercetools/processor",
      "version": "1.0.0",
      "dependencies": {
        "@commercetools/connect-payments-sdk": "^0.28.0",
        "@commercetools/platform-sdk": "^8.25.0",
        "@commercetools/sdk-client-v2": "^3.4.0",
        "@fastify/autoload": "^6.0.0",
        "@fastify/cors": "^11.0.0",
        "@fastify/formbody": "^8.0.0",
        "@fastify/request-context": "^6.0.0",
        "@fastify/type-provider-typebox": "^5.1.0",
        "@sinclair/typebox": "^0.34.0",
        "dotenv": "^16.4.7",
        "fastify": "^5.2.0",
        "fastify-plugin": "^5.0.1",
        "fastify-raw-body": "^5.0.0"
      },
      "devDependencies": {
        "@types/node": "^22.0.0",
        "tsx": "^4.19.0",
        "typescript": "^5.7.0",
        "vitest": "^2.1.0"
      }
    },
    "../node_modules/.pnpm/@commercetools+connect-payments-sdk@0.28.0/node_modules/@commercetools/connect-payments-sdk": {
      "version": "0.28.0",
      "license": "ISC",
      "dependencies": {
        "@commercetools-backend/loggers": "27.4.0",
        "@commercetools/platform-sdk": "8.25.0",
        "@commercetools/ts-client": "4.9.1",
        "jsonwebtoken": "9.0.3",
        "jwks-rsa": "3.2.0",
        "lodash": "4.18.1",
        "logform": "2.7.0"
      }
    },
    "../node_modules/.pnpm/@commercetools+platform-sdk@8.25.0/node_modules/@commercetools/platform-sdk": {
      "version": "8.25.0",
      "license": "MIT",
      "dependencies": {
        "@commercetools/ts-client": "^4.9.1"
      },
      "devDependencies": {
        "@types/uuid": "10.0.0",
        "organize-imports-cli": "0.10.0",
        "tsconfig-replace-paths": "0.0.14",
        "uuid": "11.1.0"
      },
      "engines": {
        "node": ">=18"
      }
    },
    "../node_modules/.pnpm/@commercetools+sdk-client-v2@3.4.0/node_modules/@commercetools/sdk-client-v2": {
      "version": "3.4.0",
      "license": "MIT",
      "dependencies": {
        "buffer": "^6.0.3"
      },
      "devDependencies": {
        "common-tags": "1.8.2",
        "dotenv": "17.2.2",
        "jest": "29.7.0",
        "nock": "14.0.10",
        "organize-imports-cli": "0.10.0"
      },
      "engines": {
        "node": ">=18"
      }
    },
    "../node_modules/.pnpm/@fastify+autoload@6.3.1/node_modules/@fastify/autoload": {
      "version": "6.3.1",
      "funding": [
        {
          "type": "github",
          "url": "https://github.com/sponsors/fastify"
        },
        {
          "type": "opencollective",
          "url": "https://opencollective.com/fastify"
        }
      ],
      "license": "MIT",
      "devDependencies": {
        "@fastify/pre-commit": "^2.1.0",
        "@fastify/url-data": "^6.0.0",
        "@jsumners/line-reporter": "^1.0.1",
        "@swc-node/register": "^1.9.1",
        "@swc/core": "^1.5.25",
        "@types/jest": "^29.5.12",
        "@types/node": "^22.0.0",
        "borp": "^0.20.0",
        "esbuild": "^0.25.0",
        "esbuild-register": "^3.5.0",
        "eslint": "^9.17.0",
        "fastify": "^5.0.0",
        "fastify-plugin": "^5.0.0",
        "jest": "^29.7.0",
        "neostandard": "^0.12.0",
        "ts-jest": "^29.1.4",
        "ts-node": "^10.9.2",
        "ts-node-dev": "^2.0.0",
        "tsd": "^0.32.0",
        "tsimp": "^2.0.11",
        "tsm": "^2.3.0",
        "tsx": "^4.15.7",
        "typescript": "5.5",
        "vite": "^6.0.2",
        "vitest": "^3.0.4"
      }
    },
    "../node_modules/.pnpm/@fastify+cors@11.2.0/node_modules/@fastify/cors": {
      "version": "11.2.0",
      "funding": [
        {
          "type": "github",
          "url": "https://github.com/sponsors/fastify"
        },
        {
          "type": "opencollective",
          "url": "https://opencollective.com/fastify"
        }
      ],
      "license": "MIT",
      "dependencies": {
        "fastify-plugin": "^5.0.0",
        "toad-cache": "^3.7.0"
      },
      "devDependencies": {
        "@types/node": "^24.0.8",
        "c8": "^10.1.2",
        "cors": "^2.8.5",
        "eslint": "^9.17.0",
        "fastify": "^5.0.0",
        "neostandard": "^0.12.0",
        "tsd": "^0.33.0",
        "typescript": "~5.9.2"
      }
    },
    "../node_modules/.pnpm/@fastify+formbody@8.0.2/node_modules/@fastify/formbody": {
      "version": "8.0.2",
      "funding": [
        {
          "type": "github",
          "url": "https://github.com/sponsors/fastify"
        },
        {
          "type": "opencollective",
          "url": "https://opencollective.com/fastify"
        }
      ],
      "license": "MIT",
      "dependencies": {
        "fast-querystring": "^1.1.2",
        "fastify-plugin": "^5.0.0"
      },
      "devDependencies": {
        "@fastify/pre-commit": "^2.1.0",
        "@types/node": "^22.0.0",
        "c8": "^10.1.2",
        "eslint": "^9.17.0",
        "fastify": "^5.0.0",
        "form-auto-content": "^3.2.1",
        "neostandard": "^0.12.0",
        "qs": "^6.12.0",
        "tsd": "^0.31.0"
      }
    },
    "../node_modules/.pnpm/@fastify+request-context@6.2.1/node_modules/@fastify/request-context": {
      "version": "6.2.1",
      "funding": [
        {
          "type": "github",
          "url": "https://github.com/sponsors/fastify"
        },
        {
          "type": "opencollective",
          "url": "https://opencollective.com/fastify"
        }
      ],
      "license": "MIT",
      "dependencies": {
        "fastify-plugin": "^5.0.0"
      },
      "devDependencies": {
        "@fastify/pre-commit": "^2.1.0",
        "@types/node": "^24.0.8",
        "c8": "^10.1.3",
        "eslint": "^9.6.0",
        "eslint-config-prettier": "^10.0.1",
        "eslint-plugin-prettier": "^5.1.3",
        "fastify": "^5.0.0",
        "prettier": "^3.2.5",
        "superagent": "^10.0.0",
        "tsd": "^0.32.0"
      }
    },
    "../node_modules/.pnpm/@fastify+type-provider-typebox@5.2.0_@sinclair+typebox@0.34.49/node_modules/@fastify/type-provider-typebox": {
      "version": "5.2.0",
      "funding": [
        {
          "type": "github",
          "url": "https://github.com/sponsors/fastify"
        },
        {
          "type": "opencollective",
          "url": "https://opencollective.com/fastify"
        }
      ],
      "license": "MIT",
      "devDependencies": {
        "@arethetypeswrong/cli": "^0.18.1",
        "@fastify/pre-commit": "^2.1.0",
        "@types/node": "^24.0.8",
        "eslint": "^9.17.0",
        "fastify": "^5.0.0",
        "fastify-plugin": "^5.0.0",
        "fastify-tsconfig": "^3.0.0",
        "neostandard": "^0.12.0",
        "npm-run-all": "^4.1.5",
        "rimraf": "^6.0.1",
        "tsd": "^0.32.0",
        "typescript": "~5.5.4"
      },
      "peerDependencies": {
        "@sinclair/typebox": ">=0.26 <=0.34"
      }
    },
    "../node_modules/.pnpm/@sinclair+typebox@0.34.49/node_modules/@sinclair/typebox": {
      "version": "0.34.49",
      "license": "MIT"
    },
    "../node_modules/.pnpm/@types+node@22.19.17/node_modules/@types/node": {
      "version": "22.19.17",
      "dev": true,
      "license": "MIT",
      "dependencies": {
        "undici-types": "~6.21.0"
      }
    },
    "../node_modules/.pnpm/dotenv@16.6.1/node_modules/dotenv": {
      "version": "16.6.1",
      "license": "BSD-2-Clause",
      "devDependencies": {
        "@types/node": "^18.11.3",
        "decache": "^4.6.2",
        "sinon": "^14.0.1",
        "standard": "^17.0.0",
        "standard-version": "^9.5.0",
        "tap": "^19.2.0",
        "typescript": "^4.8.4"
      },
      "engines": {
        "node": ">=12"
      },
      "funding": {
        "url": "https://dotenvx.com"
      }
    },
    "../node_modules/.pnpm/fastify-plugin@5.1.0/node_modules/fastify-plugin": {
      "version": "5.1.0",
      "funding": [
        {
          "type": "github",
          "url": "https://github.com/sponsors/fastify"
        },
        {
          "type": "opencollective",
          "url": "https://opencollective.com/fastify"
        }
      ],
      "license": "MIT",
      "devDependencies": {
        "@fastify/type-provider-typebox": "^5.1.0",
        "@types/node": "^24.0.8",
        "c8": "^10.1.2",
        "eslint": "^9.17.0",
        "fastify": "^5.0.0",
        "neostandard": "^0.12.0",
        "proxyquire": "^2.1.3",
        "tsd": "^0.33.0"
      }
    },
    "../node_modules/.pnpm/fastify-raw-body@5.0.0/node_modules/fastify-raw-body": {
      "version": "5.0.0",
      "license": "MIT",
      "dependencies": {
        "fastify-plugin": "^5.0.0",
        "raw-body": "^3.0.0",
        "secure-json-parse": "^2.4.0"
      },
      "devDependencies": {
        "@types/node": "^22.0.0",
        "fastify": "^5.0.0",
        "standard": "^17.0.0",
        "tap": "^21.0.0",
        "tsd": "^0.31.0"
      },
      "engines": {
        "node": ">= 10"
      },
      "funding": {
        "url": "https://github.com/Eomm/fastify-raw-body?sponsor=1"
      }
    },
    "../node_modules/.pnpm/fastify@5.8.5/node_modules/fastify": {
      "version": "5.8.5",
      "funding": [
        {
          "type": "github",
          "url": "https://github.com/sponsors/fastify"
        },
        {
          "type": "opencollective",
          "url": "https://opencollective.com/fastify"
        }
      ],
      "license": "MIT",
      "dependencies": {
        "@fastify/ajv-compiler": "^4.0.5",
        "@fastify/error": "^4.0.0",
        "@fastify/fast-json-stringify-compiler": "^5.0.0",
        "@fastify/proxy-addr": "^5.0.0",
        "abstract-logging": "^2.0.1",
        "avvio": "^9.0.0",
        "fast-json-stringify": "^6.0.0",
        "find-my-way": "^9.0.0",
        "light-my-request": "^6.0.0",
        "pino": "^9.14.0 || ^10.1.0",
        "process-warning": "^5.0.0",
        "rfdc": "^1.3.1",
        "secure-json-parse": "^4.0.0",
        "semver": "^7.6.0",
        "toad-cache": "^3.7.0"
      },
      "devDependencies": {
        "@jsumners/line-reporter": "^1.0.1",
        "@sinonjs/fake-timers": "^11.2.2",
        "@stylistic/eslint-plugin": "^5.1.0",
        "@stylistic/eslint-plugin-js": "^4.1.0",
        "@types/node": "^25.0.3",
        "ajv": "^8.12.0",
        "ajv-errors": "^3.0.0",
        "ajv-formats": "^3.0.1",
        "ajv-i18n": "^4.2.0",
        "ajv-merge-patch": "^5.0.1",
        "autocannon": "^8.0.0",
        "borp": "^1.0.0",
        "branch-comparer": "^1.1.0",
        "concurrently": "^9.1.2",
        "cross-env": "^10.0.0",
        "eslint": "^9.0.0",
        "fast-json-body": "^1.1.0",
        "fastify-plugin": "^5.0.0",
        "fluent-json-schema": "^6.0.0",
        "h2url": "^0.2.0",
        "http-errors": "^2.0.0",
        "joi": "^18.0.1",
        "json-schema-to-ts": "^3.0.1",
        "JSONStream": "^1.3.5",
        "markdownlint-cli2": "^0.22.0",
        "neostandard": "^0.12.0",
        "node-forge": "^1.3.1",
        "proxyquire": "^2.1.3",
        "split2": "^4.2.0",
        "tsd": "^0.33.0",
        "typebox": "^1.0.81",
        "typescript": "~6.0.2",
        "undici": "^7.11.0",
        "vary": "^1.1.2",
        "yup": "^1.4.0"
      }
    },
    "../node_modules/.pnpm/tsx@4.21.0/node_modules/tsx": {
      "version": "4.21.0",
      "dev": true,
      "license": "MIT",
      "dependencies": {
        "esbuild": "~0.27.0",
        "get-tsconfig": "^4.7.5"
      },
      "bin": {
        "tsx": "dist/cli.mjs"
      },
      "engines": {
        "node": ">=18.0.0"
      },
      "optionalDependencies": {
        "fsevents": "~2.3.3"
      }
    },
    "../node_modules/.pnpm/typescript@5.9.3/node_modules/typescript": {
      "version": "5.9.3",
      "dev": true,
      "license": "Apache-2.0",
      "bin": {
        "tsc": "bin/tsc",
        "tsserver": "bin/tsserver"
      },
      "devDependencies": {
        "@dprint/formatter": "^0.4.1",
        "@dprint/typescript": "0.93.4",
        "@esfx/canceltoken": "^1.0.0",
        "@eslint/js": "^9.20.0",
        "@octokit/rest": "^21.1.1",
        "@types/chai": "^4.3.20",
        "@types/diff": "^7.0.1",
        "@types/minimist": "^1.2.5",
        "@types/mocha": "^10.0.10",
        "@types/ms": "^0.7.34",
        "@types/node": "latest",
        "@types/source-map-support": "^0.5.10",
        "@types/which": "^3.0.4",
        "@typescript-eslint/rule-tester": "^8.24.1",
        "@typescript-eslint/type-utils": "^8.24.1",
        "@typescript-eslint/utils": "^8.24.1",
        "azure-devops-node-api": "^14.1.0",
        "c8": "^10.1.3",
        "chai": "^4.5.0",
        "chokidar": "^4.0.3",
        "diff": "^7.0.0",
        "dprint": "^0.49.0",
        "esbuild": "^0.25.0",
        "eslint": "^9.20.1",
        "eslint-formatter-autolinkable-stylish": "^1.4.0",
        "eslint-plugin-regexp": "^2.7.0",
        "fast-xml-parser": "^4.5.2",
        "glob": "^10.4.5",
        "globals": "^15.15.0",
        "hereby": "^1.10.0",
        "jsonc-parser": "^3.3.1",
        "knip": "^5.44.4",
        "minimist": "^1.2.8",
        "mocha": "^10.8.2",
        "mocha-fivemat-progress-reporter": "^0.1.0",
        "monocart-coverage-reports": "^2.12.1",
        "ms": "^2.1.3",
        "picocolors": "^1.1.1",
        "playwright": "^1.50.1",
        "source-map-support": "^0.5.21",
        "tslib": "^2.8.1",
        "typescript": "^5.7.3",
        "typescript-eslint": "^8.24.1",
        "which": "^3.0.1"
      },
      "engines": {
        "node": ">=14.17"
      }
    },
    "../node_modules/.pnpm/vitest@2.1.9_@types+node@22.19.17_lightningcss@1.32.0/node_modules/vitest": {
      "version": "2.1.9",
      "dev": true,
      "license": "MIT",
      "dependencies": {
        "@vitest/expect": "2.1.9",
        "@vitest/mocker": "2.1.9",
        "@vitest/pretty-format": "^2.1.9",
        "@vitest/runner": "2.1.9",
        "@vitest/snapshot": "2.1.9",
        "@vitest/spy": "2.1.9",
        "@vitest/utils": "2.1.9",
        "chai": "^5.1.2",
        "debug": "^4.3.7",
        "expect-type": "^1.1.0",
        "magic-string": "^0.30.12",
        "pathe": "^1.1.2",
        "std-env": "^3.8.0",
        "tinybench": "^2.9.0",
        "tinyexec": "^0.3.1",
        "tinypool": "^1.0.1",
        "tinyrainbow": "^1.2.0",
        "vite": "^5.0.0",
        "vite-node": "2.1.9",
        "why-is-node-running": "^2.3.0"
      },
      "bin": {
        "vitest": "vitest.mjs"
      },
      "devDependencies": {
        "@ampproject/remapping": "^2.3.0",
        "@antfu/install-pkg": "^0.4.1",
        "@edge-runtime/vm": "^4.0.4",
        "@sinonjs/fake-timers": "11.1.0",
        "@types/debug": "^4.1.12",
        "@types/estree": "^1.0.6",
        "@types/istanbul-lib-coverage": "^2.0.6",
        "@types/istanbul-reports": "^3.0.4",
        "@types/jsdom": "^21.1.7",
        "@types/micromatch": "^4.0.9",
        "@types/node": "^22.9.0",
        "@types/prompts": "^2.4.9",
        "@types/sinonjs__fake-timers": "^8.1.5",
        "acorn-walk": "^8.3.4",
        "birpc": "0.2.19",
        "cac": "^6.7.14",
        "chai-subset": "^1.6.0",
        "cli-truncate": "^4.0.0",
        "fast-glob": "3.3.2",
        "find-up": "^6.3.0",
        "flatted": "^3.3.1",
        "get-tsconfig": "^4.8.1",
        "happy-dom": "^15.11.4",
        "jsdom": "^25.0.1",
        "local-pkg": "^0.5.0",
        "log-update": "^5.0.1",
        "micromatch": "^4.0.8",
        "pretty-format": "^29.7.0",
        "prompts": "^2.4.2",
        "strip-literal": "^2.1.0",
        "ws": "^8.18.0"
      },
      "engines": {
        "node": "^18.0.0 || >=20.0.0"
      },
      "funding": {
        "url": "https://opencollective.com/vitest"
      },
      "peerDependencies": {
        "@edge-runtime/vm": "*",
        "@types/node": "^18.0.0 || >=20.0.0",
        "@vitest/browser": "2.1.9",
        "@vitest/ui": "2.1.9",
        "happy-dom": "*",
        "jsdom": "*"
      },
      "peerDependenciesMeta": {
        "@edge-runtime/vm": {
          "optional": true
        },
        "@types/node": {
          "optional": true
        },
        "@vitest/browser": {
          "optional": true
        },
        "@vitest/ui": {
          "optional": true
        },
        "happy-dom": {
          "optional": true
        },
        "jsdom": {
          "optional": true
        }
      }
    },
    "node_modules/@commercetools/connect-payments-sdk": {
      "resolved": "../node_modules/.pnpm/@commercetools+connect-payments-sdk@0.28.0/node_modules/@commercetools/connect-payments-sdk",
      "link": true
    },
    "node_modules/@commercetools/platform-sdk": {
      "resolved": "../node_modules/.pnpm/@commercetools+platform-sdk@8.25.0/node_modules/@commercetools/platform-sdk",
      "link": true
    },
    "node_modules/@commercetools/sdk-client-v2": {
      "resolved": "../node_modules/.pnpm/@commercetools+sdk-client-v2@3.4.0/node_modules/@commercetools/sdk-client-v2",
      "link": true
    },
    "node_modules/@fastify/autoload": {
      "resolved": "../node_modules/.pnpm/@fastify+autoload@6.3.1/node_modules/@fastify/autoload",
      "link": true
    },
    "node_modules/@fastify/cors": {
      "resolved": "../node_modules/.pnpm/@fastify+cors@11.2.0/node_modules/@fastify/cors",
      "link": true
    },
    "node_modules/@fastify/formbody": {
      "resolved": "../node_modules/.pnpm/@fastify+formbody@8.0.2/node_modules/@fastify/formbody",
      "link": true
    },
    "node_modules/@fastify/request-context": {
      "resolved": "../node_modules/.pnpm/@fastify+request-context@6.2.1/node_modules/@fastify/request-context",
      "link": true
    },
    "node_modules/@fastify/type-provider-typebox": {
      "resolved": "../node_modules/.pnpm/@fastify+type-provider-typebox@5.2.0_@sinclair+typebox@0.34.49/node_modules/@fastify/type-provider-typebox",
      "link": true
    },
    "node_modules/@sinclair/typebox": {
      "resolved": "../node_modules/.pnpm/@sinclair+typebox@0.34.49/node_modules/@sinclair/typebox",
      "link": true
    },
    "node_modules/@types/node": {
      "resolved": "../node_modules/.pnpm/@types+node@22.19.17/node_modules/@types/node",
      "link": true
    },
    "node_modules/dotenv": {
      "resolved": "../node_modules/.pnpm/dotenv@16.6.1/node_modules/dotenv",
      "link": true
    },
    "node_modules/fastify": {
      "resolved": "../node_modules/.pnpm/fastify@5.8.5/node_modules/fastify",
      "link": true
    },
    "node_modules/fastify-plugin": {
      "resolved": "../node_modules/.pnpm/fastify-plugin@5.1.0/node_modules/fastify-plugin",
      "link": true
    },
    "node_modules/fastify-raw-body": {
      "resolved": "../node_modules/.pnpm/fastify-raw-body@5.0.0/node_modules/fastify-raw-body",
      "link": true
    },
    "node_modules/tsx": {
      "resolved": "../node_modules/.pnpm/tsx@4.21.0/node_modules/tsx",
      "link": true
    },
    "node_modules/typescript": {
      "resolved": "../node_modules/.pnpm/typescript@5.9.3/node_modules/typescript",
      "link": true
    },
    "node_modules/vitest": {
      "resolved": "../node_modules/.pnpm/vitest@2.1.9_@types+node@22.19.17_lightningcss@1.32.0/node_modules/vitest",
      "link": true
    }
  }
}
